
Microsoft Visual Studio Solution File, Format Version 12.00
# Visual Studio Version 17
VisualStudioVersion = 17.3.32929.385
MinimumVisualStudioVersion = 10.0.40219.1
Project("{FAE04EC0-301F-11D3-BF4B-00C04F79EFBC}") = "PizzaShop", "PizzaShop\PizzaShop.csproj", "{1D3B7502-61CF-4F5A-A288-1F66F1480DD0}"
EndProject
Global
	GlobalSection(SolutionConfigurationPlatforms) = preSolution
		Debug|Any CPU = Debug|Any CPU
		Release|Any CPU = Release|Any CPU
	EndGlobalSection
	GlobalSection(ProjectConfigurationPlatforms) = postSolution
		{1D3B7502-61CF-4F5A-A288-1F66F1480DD0}.Debug|Any CPU.ActiveCfg = Debug|Any CPU
		{1D3B7502-61CF-4F5A-A288-1F66F1480DD0}.Debug|Any CPU.Build.0 = Debug|Any CPU
		{1D3B7502-61CF-4F5A-A288-1F66F1480DD0}.Release|Any CPU.ActiveCfg = Release|Any CPU
		{1D3B7502-61CF-4F5A-A288-1F66F1480DD0}.Release|Any CPU.Build.0 = Release|Any CPU
	EndGlobalSection
	GlobalSection(SolutionProperties) = preSolution
		HideSolutionNode = FALSE
	EndGlobalSection
	GlobalSection(ExtensibilityGlobals) = postSolution
		SolutionGuid = {B680674D-4414-43BE-8F3F-986F4D522F6F}
	EndGlobalSection
EndGlobal
